
Microsoft Visual Studio Solution File, Format Version 12.00
# Visual Studio Version 16
VisualStudioVersion = 16.0.31410.357
MinimumVisualStudioVersion = 10.0.40219.1
Project("{8BC9CEB8-8B4A-11D0-8D11-00A0C91BC942}") = "ControlStructures", "ControlStructures\ControlStructures.vcxproj", "{C830AE58-2AEC-459E-97A1-642D224F54AC}"
EndProject
Global
	GlobalSection(SolutionConfigurationPlatforms) = preSolution
		Debug|x64 = Debug|x64
		Debug|x86 = Debug|x86
		Release|x64 = Release|x64
		Release|x86 = Release|x86
	EndGlobalSection
	GlobalSection(ProjectConfigurationPlatforms) = postSolution
		{C830AE58-2AEC-459E-97A1-642D224F54AC}.Debug|x64.ActiveCfg = Debug|x64
		{C830AE58-2AEC-459E-97A1-642D224F54AC}.Debug|x64.Build.0 = Debug|x64
		{C830AE58-2AEC-459E-97A1-642D224F54AC}.Debug|x86.ActiveCfg = Debug|Win32
		{C830AE58-2AEC-459E-97A1-642D224F54AC}.Debug|x86.Build.0 = Debug|Win32
		{C830AE58-2AEC-459E-97A1-642D224F54AC}.Release|x64.ActiveCfg = Release|x64
		{C830AE58-2AEC-459E-97A1-642D224F54AC}.Release|x64.Build.0 = Release|x64
		{C830AE58-2AEC-459E-97A1-642D224F54AC}.Release|x86.ActiveCfg = Release|Win32
		{C830AE58-2AEC-459E-97A1-642D224F54AC}.Release|x86.Build.0 = Release|Win32
	EndGlobalSection
	GlobalSection(SolutionProperties) = preSolution
		HideSolutionNode = FALSE
	EndGlobalSection
	GlobalSection(ExtensibilityGlobals) = postSolution
		SolutionGuid = {AD4D46D6-720D-4E52-94C3-3E8F4905B3F8}
	EndGlobalSection
EndGlobal
